// !$*UTF8*$!
{
	archiveVersion = 1;
	classes = {
	};
	objectVersion = 46;
	objects = {

/* Begin PBXBuildFile section */
		E16C80431BB1C695002F641D /* main.m in Sources */ = {isa = PBXBuildFile; fileRef = E16C80421BB1C695002F641D /* main.m */; };
		E16C80461BB1C695002F641D /* AppDelegate.m in Sources */ = {isa = PBXBuildFile; fileRef = E16C80451BB1C695002F641D /* AppDelegate.m */; };
		E16C80491BB1C695002F641D /* ViewController.m in Sources */ = {isa = PBXBuildFile; fileRef = E16C80481BB1C695002F641D /* ViewController.m */; };
		E16C804C1BB1C695002F641D /* Main.storyboard in Resources */ = {isa = PBXBuildFile; fileRef = E16C804A1BB1C695002F641D /* Main.storyboard */; };
		E16C804F1BB1C695002F641D /* TipCalculatorPro.xcdatamodeld in Sources */ = {isa = PBXBuildFile; fileRef = E16C804D1BB1C695002F641D /* TipCalculatorPro.xcdatamodeld */; };
		E16C80511BB1C695002F641D /* Assets.xcassets in Resources */ = {isa = PBXBuildFile; fileRef = E16C80501BB1C695002F641D /* Assets.xcassets */; };
		E16C80541BB1C695002F641D /* LaunchScreen.storyboard in Resources */ = {isa = PBXBuildFile; fileRef = E16C80521BB1C695002F641D /* LaunchScreen.storyboard */; };
		E192B8A61BB3652600B06533 /* README.md in Sources */ = {isa = PBXBuildFile; fileRef = E192B8A51BB3652600B06533 /* README.md */; settings = {ASSET_TAGS = (); }; };
		E1D0526C1BB261620077EBEE /* SettingViewController.m in Sources */ = {isa = PBXBuildFile; fileRef = E1D0526B1BB261620077EBEE /* SettingViewController.m */; settings = {ASSET_TAGS = (); }; };
/* End PBXBuildFile section */

/* Begin PBXFileReference section */
		E16C803E1BB1C695002F641D /* TipCalculatorPro.app */ = {isa = PBXFileReference; explicitFileType = wrapper.application; includeInIndex = 0; path = TipCalculatorPro.app; sourceTree = BUILT_PRODUCTS_DIR; };
		E16C80421BB1C695002F641D /* main.m */ = {isa = PBXFileReference; lastKnownFileType = sourcecode.c.objc; path = main.m; sourceTree = "<group>"; };
		E16C80441BB1C695002F641D /* AppDelegate.h */ = {isa = PBXFileReference; lastKnownFileType = sourcecode.c.h; path = AppDelegate.h; sourceTree = "<group>"; };
		E16C80451BB1C695002F641D /* AppDelegate.m */ = {isa = PBXFileReference; lastKnownFileType = sourcecode.c.objc; path = AppDelegate.m; sourceTree = "<group>"; };
		E16C80471BB1C695002F641D /* ViewController.h */ = {isa = PBXFileReference; lastKnownFileType = sourcecode.c.h; path = ViewController.h; sourceTree = "<group>"; };
		E16C80481BB1C695002F641D /* ViewController.m */ = {isa = PBXFileReference; lastKnownFileType = sourcecode.c.objc; path = ViewController.m; sourceTree = "<group>"; };
		E16C804B1BB1C695002F641D /* Base */ = {isa = PBXFileReference; lastKnownFileType = file.storyboard; name = Base; path = Base.lproj/Main.storyboard; sourceTree = "<group>"; };
		E16C804E1BB1C695002F641D /* TipCalculatorPro.xcdatamodel */ = {isa = PBXFileReference; lastKnownFileType = wrapper.xcdatamodel; path = TipCalculatorPro.xcdatamodel; sourceTree = "<group>"; };
		E16C80501BB1C695002F641D /* Assets.xcassets */ = {isa = PBXFileReference; lastKnownFileType = folder.assetcatalog; path = Assets.xcassets; sourceTree = "<group>"; };
		E16C80531BB1C695002F641D /* Base */ = {isa = PBXFileReference; lastKnownFileType = file.storyboard; name = Base; path = Base.lproj/LaunchScreen.storyboard; sourceTree = "<group>"; };
		E16C80551BB1C695002F641D /* Info.plist */ = {isa = PBXFileReference; lastKnownFileType = text.plist.xml; path = Info.plist; sourceTree = "<group>"; };
		E192B8A51BB3652600B06533 /* README.md */ = {isa = PBXFileReference; fileEncoding = 4; lastKnownFileType = net.daringfireball.markdown; path = README.md; sourceTree = "<group>"; };
		E1D0526A1BB261620077EBEE /* SettingViewController.h */ = {isa = PBXFileReference; fileEncoding = 4; lastKnownFileType = sourcecode.c.h; path = SettingViewController.h; sourceTree = "<group>"; };
		E1D0526B1BB261620077EBEE /* SettingViewController.m */ = {isa = PBXFileReference; fileEncoding = 4; lastKnownFileType = sourcecode.c.objc; path = SettingViewController.m; sourceTree = "<group>"; };
/* End PBXFileReference section */

/* Begin PBXFrameworksBuildPhase section */
		E16C803B1BB1C695002F641D /* Frameworks */ = {
			isa = PBXFrameworksBuildPhase;
			buildActionMask = 2147483647;
			files = (
			);
			runOnlyForDeploymentPostprocessing = 0;
		};
/* End PBXFrameworksBuildPhase section */

/* Begin PBXGroup section */
		E16C80351BB1C695002F641D = {
			isa = PBXGroup;
			children = (
				E192B8A51BB3652600B06533 /* README.md */,
				E16C80401BB1C695002F641D /* TipCalculatorPro */,
				E16C803F1BB1C695002F641D /* Products */,
			);
			sourceTree = "<group>";
		};
		E16C803F1BB1C695002F641D /* Products */ = {
			isa = PBXGroup;
			children = (
				E16C803E1BB1C695002F641D /* TipCalculatorPro.app */,
			);
			name = Products;
			sourceTree = "<group>";
		};
		E16C80401BB1C695002F641D /* TipCalculatorPro */ = {
			isa = PBXGroup;
			children = (
				E16C80441BB1C695002F641D /* AppDelegate.h */,
				E16C80451BB1C695002F641D /* AppDelegate.m */,
				E16C80471BB1C695002F641D /* ViewController.h */,
				E16C80481BB1C695002F641D /* ViewController.m */,
				E16C804A1BB1C695002F641D /* Main.storyboard */,
				E1D0526A1BB261620077EBEE /* SettingViewController.h */,
				E1D0526B1BB261620077EBEE /* SettingViewController.m */,
				E16C80501BB1C695002F641D /* Assets.xcassets */,
				E16C80521BB1C695002F641D /* LaunchScreen.storyboard */,
				E16C80551BB1C695002F641D /* Info.plist */,
				E16C804D1BB1C695002F641D /* TipCalculatorPro.xcdatamodeld */,
				E16C80411BB1C695002F641D /* Supporting Files */,
			);
			path = TipCalculatorPro;
			sourceTree = "<group>";
		};
		E16C80411BB1C695002F641D /* Supporting Files */ = {
			isa = PBXGroup;
			children = (
				E16C80421BB1C695002F641D /* main.m */,
			);
			name = "Supporting Files";
			sourceTree = "<group>";
		};
/* End PBXGroup section */

/* Begin PBXNativeTarget section */
		E16C803D1BB1C695002F641D /* TipCalculatorPro */ = {
			isa = PBXNativeTarget;
			buildConfigurationList = E16C80581BB1C695002F641D /* Build configuration list for PBXNativeTarget "TipCalculatorPro" */;
			buildPhases = (
				E16C803A1BB1C695002F641D /* Sources */,
				E16C803B1BB1C695002F641D /* Frameworks */,
				E16C803C1BB1C695002F641D /* Resources */,
			);
			buildRules = (
			);
			dependencies = (
			);
			name = TipCalculatorPro;
			productName = TipCalculatorPro;
			productReference = E16C803E1BB1C695002F641D /* TipCalculatorPro.app */;
			productType = "com.apple.product-type.application";
		};
/* End PBXNativeTarget section */

/* Begin PBXProject section */
		E16C80361BB1C695002F641D /* Project object */ = {
			isa = PBXProject;
			attributes = {
				LastUpgradeCheck = 0700;
				ORGANIZATIONNAME = "Kunpeng Liu";
				TargetAttributes = {
					E16C803D1BB1C695002F641D = {
						CreatedOnToolsVersion = 7.0;
						DevelopmentTeam = R9GCPYJPXR;
					};
				};
			};
			buildConfigurationList = E16C80391BB1C695002F641D /* Build configuration list for PBXProject "TipCalculatorPro" */;
			compatibilityVersion = "Xcode 3.2";
			developmentRegion = English;
			hasScannedForEncodings = 0;
			knownRegions = (
				en,
				Base,
			);
			mainGroup = E16C80351BB1C695002F641D;
			productRefGroup = E16C803F1BB1C695002F641D /* Products */;
			projectDirPath = "";
			projectRoot = "";
			targets = (
				E16C803D1BB1C695002F641D /* TipCalculatorPro */,
			);
		};
/* End PBXProject section */

/* Begin PBXResourcesBuildPhase section */
		E16C803C1BB1C695002F641D /* Resources */ = {
			isa = PBXResourcesBuildPhase;
			buildActionMask = 2147483647;
			files = (
				E16C80541BB1C695002F641D /* LaunchScreen.storyboard in Resources */,
				E16C80511BB1C695002F641D /* Assets.xcassets in Resources */,
				E16C804C1BB1C695002F641D /* Main.storyboard in Resources */,
			);
			runOnlyForDeploymentPostprocessing = 0;
		};
/* End PBXResourcesBuildPhase section */

/* Begin PBXSourcesBuildPhase section */
		E16C803A1BB1C695002F641D /* Sources */ = {
			isa = PBXSourcesBuildPhase;
			buildActionMask = 2147483647;
			files = (
				E192B8A61BB3652600B06533 /* README.md in Sources */,
				E16C80491BB1C695002F641D /* ViewController.m in Sources */,
				E16C804F1BB1C695002F641D /* TipCalculatorPro.xcdatamodeld in Sources */,
				E16C80461BB1C695002F641D /* AppDelegate.m in Sources */,
				E16C80431BB1C695002F641D /* main.m in Sources */,
				E1D0526C1BB261620077EBEE /* SettingViewController.m in Sources */,
			);
			runOnlyForDeploymentPostprocessing = 0;
		};
/* End PBXSourcesBuildPhase section */

/* Begin PBXVariantGroup section */
		E16C804A1BB1C695002F641D /* Main.storyboard */ = {
			isa = PBXVariantGroup;
			children = (
				E16C804B1BB1C695002F641D /* Base */,
			);
			name = Main.storyboard;
			sourceTree = "<group>";
		};
		E16C80521BB1C695002F641D /* LaunchScreen.storyboard */ = {
			isa = PBXVariantGroup;
			children = (
				E16C80531BB1C695002F641D /* Base */,
			);
			name = LaunchScreen.storyboard;
			sourceTree = "<group>";
		};
/* End PBXVariantGroup section */

/* Begin XCBuildConfiguration section */
		E16C80561BB1C695002F641D /* Debug */ = {
			isa = XCBuildConfiguration;
			buildSettings = {
				ALWAYS_SEARCH_USER_PATHS = NO;
				CLANG_CXX_LANGUAGE_STANDARD = "gnu++0x";
				CLANG_CXX_LIBRARY = "libc++";
				CLANG_ENABLE_MODULES = YES;
				CLANG_ENABLE_OBJC_ARC = YES;
				CLANG_WARN_BOOL_CONVERSION = YES;
				CLANG_WARN_CONSTANT_CONVERSION = YES;
				CLANG_WARN_DIRECT_OBJC_ISA_USAGE = YES_ERROR;
				CLANG_WARN_EMPTY_BODY = YES;
				CLANG_WARN_ENUM_CONVERSION = YES;
				CLANG_WARN_INT_CONVERSION = YES;
				CLANG_WARN_OBJC_ROOT_CLASS = YES_ERROR;
				CLANG_WARN_UNREACHABLE_CODE = YES;
				CLANG_WARN__DUPLICATE_METHOD_MATCH = YES;
				"CODE_SIGN_IDENTITY[sdk=iphoneos*]" = "iPhone Developer";
				COPY_PHASE_STRIP = NO;
				DEBUG_INFORMATION_FORMAT = dwarf;
				ENABLE_STRICT_OBJC_MSGSEND = YES;
				ENABLE_TESTABILITY = YES;
				GCC_C_LANGUAGE_STANDARD = gnu99;
				GCC_DYNAMIC_NO_PIC = NO;
				GCC_NO_COMMON_BLOCKS = YES;
				GCC_OPTIMIZATION_LEVEL = 0;
				GCC_PREPROCESSOR_DEFINITIONS = (
					"DEBUG=1",
					"$(inherited)",
				);
				GCC_WARN_64_TO_32_BIT_CONVERSION = YES;
				GCC_WARN_ABOUT_RETURN_TYPE = YES_ERROR;
				GCC_WARN_UNDECLARED_SELECTOR = YES;
				GCC_WARN_UNINITIALIZED_AUTOS = YES_AGGRESSIVE;
				GCC_WARN_UNUSED_FUNCTION = YES;
				GCC_WARN_UNUSED_VARIABLE = YES;
				IPHONEOS_DEPLOYMENT_TARGET = 9.0;
				MTL_ENABLE_DEBUG_INFO = YES;
				ONLY_ACTIVE_ARCH = YES;
				SDKROOT = iphoneos;
			};
			name = Debug;
		};
		E16C80571BB1C695002F641D /* Release */ = {
			isa = XCBuildConfiguration;
			buildSettings = {
				ALWAYS_SEARCH_USER_PATHS = NO;
				CLANG_CXX_LANGUAGE_STANDARD = "gnu++0x";
				CLANG_CXX_LIBRARY = "libc++";
				CLANG_ENABLE_MODULES = YES;
				CLANG_ENABLE_OBJC_ARC = YES;
				CLANG_WARN_BOOL_CONVERSION = YES;
				CLANG_WARN_CONSTANT_CONVERSION = YES;
				CLANG_WARN_DIRECT_OBJC_ISA_USAGE = YES_ERROR;
				CLANG_WARN_EMPTY_BODY = YES;
				CLANG_WARN_ENUM_CONVERSION = YES;
				CLANG_WARN_INT_CONVERSION = YES;
				CLANG_WARN_OBJC_ROOT_CLASS = YES_ERROR;
				CLANG_WARN_UNREACHABLE_CODE = YES;
				CLANG_WARN__DUPLICATE_METHOD_MATCH = YES;
				"CODE_SIGN_IDENTITY[sdk=iphoneos*]" = "iPhone Developer";
				COPY_PHASE_STRIP = NO;
				DEBUG_INFORMATION_FORMAT = "dwarf-with-dsym";
				ENABLE_NS_ASSERTIONS = NO;
				ENABLE_STRICT_OBJC_MSGSEND = YES;
				GCC_C_LANGUAGE_STANDARD = gnu99;
				GCC_NO_COMMON_BLOCKS = YES;
				GCC_WARN_64_TO_32_BIT_CONVERSION = YES;
				GCC_WARN_ABOUT_RETURN_TYPE = YES_ERROR;
				GCC_WARN_UNDECLARED_SELECTOR = YES;
				GCC_WARN_UNINITIALIZED_AUTOS = YES_AGGRESSIVE;
				GCC_WARN_UNUSED_FUNCTION = YES;
				GCC_WARN_UNUSED_VARIABLE = YES;
				IPHONEOS_DEPLOYMENT_TARGET = 9.0;
				MTL_ENABLE_DEBUG_INFO = NO;
				SDKROOT = iphoneos;
				VALIDATE_PRODUCT = YES;
			};
			name = Release;
		};
		E16C80591BB1C695002F641D /* Debug */ = {
			isa = XCBuildConfiguration;
			buildSettings = {
				ASSETCATALOG_COMPILER_APPICON_NAME = AppIcon;
				INFOPLIST_FILE = TipCalculatorPro/Info.plist;
				IPHONEOS_DEPLOYMENT_TARGET = 9.0;
				LD_RUNPATH_SEARCH_PATHS = "$(inherited) @executable_path/Frameworks";
				PRODUCT_BUNDLE_IDENTIFIER = com.gh.TipCalculatorPro;
				PRODUCT_NAME = "$(TARGET_NAME)";
			};
			name = Debug;
		};
		E16C805A1BB1C695002F641D /* Release */ = {
			isa = XCBuildConfiguration;
			buildSettings = {
				ASSETCATALOG_COMPILER_APPICON_NAME = AppIcon;
				INFOPLIST_FILE = TipCalculatorPro/Info.plist;
				IPHONEOS_DEPLOYMENT_TARGET = 9.0;
				LD_RUNPATH_SEARCH_PATHS = "$(inherited) @executable_path/Frameworks";
				PRODUCT_BUNDLE_IDENTIFIER = com.gh.TipCalculatorPro;
				PRODUCT_NAME = "$(TARGET_NAME)";
			};
			name = Release;
		};
/* End XCBuildConfiguration section */

/* Begin XCConfigurationList section */
		E16C80391BB1C695002F641D /* Build configuration list for PBXProject "TipCalculatorPro" */ = {
			isa = XCConfigurationList;
			buildConfigurations = (
				E16C80561BB1C695002F641D /* Debug */,
				E16C80571BB1C695002F641D /* Release */,
			);
			defaultConfigurationIsVisible = 0;
			defaultConfigurationName = Release;
		};
		E16C80581BB1C695002F641D /* Build configuration list for PBXNativeTarget "TipCalculatorPro" */ = {
			isa = XCConfigurationList;
			buildConfigurations = (
				E16C80591BB1C695002F641D /* Debug */,
				E16C805A1BB1C695002F641D /* Release */,
			);
			defaultConfigurationIsVisible = 0;
			defaultConfigurationName = Release;
		};
/* End XCConfigurationList section */

/* Begin XCVersionGroup section */
		E16C804D1BB1C695002F641D /* TipCalculatorPro.xcdatamodeld */ = {
			isa = XCVersionGroup;
			children = (
				E16C804E1BB1C695002F641D /* TipCalculatorPro.xcdatamodel */,
			);
			currentVersion = E16C804E1BB1C695002F641D /* TipCalculatorPro.xcdatamodel */;
			path = TipCalculatorPro.xcdatamodeld;
			sourceTree = "<group>";
			versionGroupType = wrapper.xcdatamodel;
		};
/* End XCVersionGroup section */
	};
	rootObject = E16C80361BB1C695002F641D /* Project object */;
}
